{
  "name": "render-ccs",
  "version": "0.0.0",
  "lockfileVersion": 3,
  "requires": true,
  "packages": {
    "": {
      "name": "render-ccs",
      "version": "0.0.0",
      "license": "MIT",
      "dependencies": {
        "render-refer": "^0.0.8"
      }
    },
    "node_modules/render-refer": {
      "version": "0.0.8",
      "resolved": "https://registry.npmjs.org/render-refer/-/render-refer-0.0.8.tgz",
      "integrity": "sha512-glIe/110f0le137klc9mOwHABpW+mjoquWGWqVFhEgF3o+j+3MAUtHzmS1X22SC7p5aDjXKYOopKpDdLrX8fBg==",
      "license": "MIT"
    }
  }
}
