{
  "name": "render-ccs",
  "version": "0.0.1",
  "lockfileVersion": 3,
  "requires": true,
  "packages": {
    "": {
      "name": "render-ccs",
      "version": "0.0.1",
      "license": "MIT",
      "dependencies": {
        "render-refer": "file:../render-refer/dist"
      }
    },
    "../render-refer/dist": {
      "name": "render-refer",
      "version": "0.0.9",
      "license": "MIT",
      "devDependencies": {
        "typescript": "^5.8.3"
      }
    },
    "node_modules/render-refer": {
      "resolved": "../render-refer/dist",
      "link": true
    }
  }
}
